{
    "_meta": {
        "hash": {
            "sha256": "99c4b9ec1b8891ff787677276760beb6d6d4919c55660da1c713682156a6086c"
        },
        "pipfile-spec": 6,
        "requires": {
            "python_version": "3.8"
        },
        "sources": [
            {
                "name": "pypi",
                "url": "https://pypi.org/simple",
                "verify_ssl": true
            }
        ]
    },
    "default": {
        "asgiref": {
            "hashes": [
                "sha256:71e68008da809b957b7ee4b43dbccff33d1b23519fb8344e33f049897077afac",
                "sha256:9567dfe7bd8d3c8c892227827c41cce860b368104c3431da67a0c5a65a949506"
            ],
            "markers": "python_version >= '3.7'",
            "version": "==3.6.0"
        },
        "django": {
            "hashes": [
                "sha256:0fabc786489af16ad87a8c170ba9d42bfd23f7b699bd5ef05675864e8d012859",
                "sha256:72a4a5a136a214c39cf016ccdd6b69e2aa08c7479c66d93f3a9b5e4bb9d8a347"
            ],
            "index": "pypi",
            "version": "==3.1.14"
        },
        "pytz": {
            "hashes": [
                "sha256:1d8ce29db189191fb55338ee6d0387d82ab59f3d00eac103412d64e0ebd0c588",
                "sha256:a151b3abb88eda1d4e34a9814df37de2a80e301e68ba0fd856fb9b46bfbbbffb"
            ],
            "version": "==2023.3"
        },
        "sqlparse": {
            "hashes": [
                "sha256:714d0a4932c059d16189f58ef5411ec2287a4360f17cdd0edd2d09d4c5087c93",
                "sha256:c204494cd97479d0e39f28c93d46c0b2d5959c7b9ab904762ea6c7af211c8663"
            ],
            "index": "pypi",
            "markers": "python_version >= '3.8'",
            "version": "==0.5.0"
        }
    },
    "develop": {}
}
